// !$*UTF8*$!
{
	archiveVersion = 1;
	classes = {
	};
	objectVersion = 50;
	objects = {

/* Begin PBXBuildFile section */
		BFC868A9218B733200DA1443 /* AppDelegate.swift in Sources */ = {isa = PBXBuildFile; fileRef = BFC868A8218B733200DA1443 /* AppDelegate.swift */; };
		BFC868AB218B733200DA1443 /* ArtProjectViewController.swift in Sources */ = {isa = PBXBuildFile; fileRef = BFC868AA218B733200DA1443 /* ArtProjectViewController.swift */; };
		BFC868AE218B733200DA1443 /* Main.storyboard in Resources */ = {isa = PBXBuildFile; fileRef = BFC868AC218B733200DA1443 /* Main.storyboard */; };
		BFC868B0218B733900DA1443 /* Assets.xcassets in Resources */ = {isa = PBXBuildFile; fileRef = BFC868AF218B733900DA1443 /* Assets.xcassets */; };
		BFC868B3218B733900DA1443 /* LaunchScreen.storyboard in Resources */ = {isa = PBXBuildFile; fileRef = BFC868B1218B733900DA1443 /* LaunchScreen.storyboard */; };
		BFC868BE218B7D1300DA1443 /* ArtView.swift in Sources */ = {isa = PBXBuildFile; fileRef = BFC868BD218B7D1300DA1443 /* ArtView.swift */; };
		BFE05B24219371F500E5C170 /* ArtCollectionViewController.swift in Sources */ = {isa = PBXBuildFile; fileRef = BFE05B23219371F500E5C170 /* ArtCollectionViewController.swift */; };
		BFE05B262193819B00E5C170 /* ArtCell.swift in Sources */ = {isa = PBXBuildFile; fileRef = BFE05B252193819B00E5C170 /* ArtCell.swift */; };
/* End PBXBuildFile section */

/* Begin PBXFileReference section */
		BFC868A5218B733200DA1443 /* ArtProject.app */ = {isa = PBXFileReference; explicitFileType = wrapper.application; includeInIndex = 0; path = ArtProject.app; sourceTree = BUILT_PRODUCTS_DIR; };
		BFC868A8218B733200DA1443 /* AppDelegate.swift */ = {isa = PBXFileReference; lastKnownFileType = sourcecode.swift; path = AppDelegate.swift; sourceTree = "<group>"; };
		BFC868AA218B733200DA1443 /* ArtProjectViewController.swift */ = {isa = PBXFileReference; lastKnownFileType = sourcecode.swift; path = ArtProjectViewController.swift; sourceTree = "<group>"; };
		BFC868AD218B733200DA1443 /* Base */ = {isa = PBXFileReference; lastKnownFileType = file.storyboard; name = Base; path = Base.lproj/Main.storyboard; sourceTree = "<group>"; };
		BFC868AF218B733900DA1443 /* Assets.xcassets */ = {isa = PBXFileReference; lastKnownFileType = folder.assetcatalog; path = Assets.xcassets; sourceTree = "<group>"; };
		BFC868B2218B733900DA1443 /* Base */ = {isa = PBXFileReference; lastKnownFileType = file.storyboard; name = Base; path = Base.lproj/LaunchScreen.storyboard; sourceTree = "<group>"; };
		BFC868B4218B733900DA1443 /* Info.plist */ = {isa = PBXFileReference; lastKnownFileType = text.plist.xml; path = Info.plist; sourceTree = "<group>"; };
		BFC868BD218B7D1300DA1443 /* ArtView.swift */ = {isa = PBXFileReference; lastKnownFileType = sourcecode.swift; path = ArtView.swift; sourceTree = "<group>"; };
		BFE05B23219371F500E5C170 /* ArtCollectionViewController.swift */ = {isa = PBXFileReference; lastKnownFileType = sourcecode.swift; path = ArtCollectionViewController.swift; sourceTree = "<group>"; };
		BFE05B252193819B00E5C170 /* ArtCell.swift */ = {isa = PBXFileReference; lastKnownFileType = sourcecode.swift; path = ArtCell.swift; sourceTree = "<group>"; };
/* End PBXFileReference section */

/* Begin PBXFrameworksBuildPhase section */
		BFC868A2218B733200DA1443 /* Frameworks */ = {
			isa = PBXFrameworksBuildPhase;
			buildActionMask = 2147483647;
			files = (
			);
			runOnlyForDeploymentPostprocessing = 0;
		};
/* End PBXFrameworksBuildPhase section */

/* Begin PBXGroup section */
		BFC8689C218B733200DA1443 = {
			isa = PBXGroup;
			children = (
				BFC868A7218B733200DA1443 /* ArtProject */,
				BFC868A6218B733200DA1443 /* Products */,
			);
			sourceTree = "<group>";
		};
		BFC868A6218B733200DA1443 /* Products */ = {
			isa = PBXGroup;
			children = (
				BFC868A5218B733200DA1443 /* ArtProject.app */,
			);
			name = Products;
			sourceTree = "<group>";
		};
		BFC868A7218B733200DA1443 /* ArtProject */ = {
			isa = PBXGroup;
			children = (
				BFC868BB218B73C900DA1443 /* Resources */,
				BFC868BC218B73D500DA1443 /* Controller */,
				BFC868BA218B738000DA1443 /* View */,
			);
			path = ArtProject;
			sourceTree = "<group>";
		};
		BFC868BA218B738000DA1443 /* View */ = {
			isa = PBXGroup;
			children = (
				BFC868AC218B733200DA1443 /* Main.storyboard */,
				BFC868B1218B733900DA1443 /* LaunchScreen.storyboard */,
				BFC868BD218B7D1300DA1443 /* ArtView.swift */,
				BFE05B252193819B00E5C170 /* ArtCell.swift */,
			);
			path = View;
			sourceTree = "<group>";
		};
		BFC868BB218B73C900DA1443 /* Resources */ = {
			isa = PBXGroup;
			children = (
				BFC868A8218B733200DA1443 /* AppDelegate.swift */,
				BFC868AF218B733900DA1443 /* Assets.xcassets */,
				BFC868B4218B733900DA1443 /* Info.plist */,
			);
			path = Resources;
			sourceTree = "<group>";
		};
		BFC868BC218B73D500DA1443 /* Controller */ = {
			isa = PBXGroup;
			children = (
				BFC868AA218B733200DA1443 /* ArtProjectViewController.swift */,
				BFE05B23219371F500E5C170 /* ArtCollectionViewController.swift */,
			);
			path = Controller;
			sourceTree = "<group>";
		};
/* End PBXGroup section */

/* Begin PBXNativeTarget section */
		BFC868A4218B733200DA1443 /* ArtProject */ = {
			isa = PBXNativeTarget;
			buildConfigurationList = BFC868B7218B733900DA1443 /* Build configuration list for PBXNativeTarget "ArtProject" */;
			buildPhases = (
				BFC868A1218B733200DA1443 /* Sources */,
				BFC868A2218B733200DA1443 /* Frameworks */,
				BFC868A3218B733200DA1443 /* Resources */,
			);
			buildRules = (
			);
			dependencies = (
			);
			name = ArtProject;
			productName = ArtProject;
			productReference = BFC868A5218B733200DA1443 /* ArtProject.app */;
			productType = "com.apple.product-type.application";
		};
/* End PBXNativeTarget section */

/* Begin PBXProject section */
		BFC8689D218B733200DA1443 /* Project object */ = {
			isa = PBXProject;
			attributes = {
				LastSwiftUpdateCheck = 0940;
				LastUpgradeCheck = 0940;
				ORGANIZATIONNAME = CTEC;
				TargetAttributes = {
					BFC868A4218B733200DA1443 = {
						CreatedOnToolsVersion = 9.4.1;
					};
				};
			};
			buildConfigurationList = BFC868A0218B733200DA1443 /* Build configuration list for PBXProject "ArtProject" */;
			compatibilityVersion = "Xcode 9.3";
			developmentRegion = en;
			hasScannedForEncodings = 0;
			knownRegions = (
				en,
				Base,
			);
			mainGroup = BFC8689C218B733200DA1443;
			productRefGroup = BFC868A6218B733200DA1443 /* Products */;
			projectDirPath = "";
			projectRoot = "";
			targets = (
				BFC868A4218B733200DA1443 /* ArtProject */,
			);
		};
/* End PBXProject section */

/* Begin PBXResourcesBuildPhase section */
		BFC868A3218B733200DA1443 /* Resources */ = {
			isa = PBXResourcesBuildPhase;
			buildActionMask = 2147483647;
			files = (
				BFC868B3218B733900DA1443 /* LaunchScreen.storyboard in Resources */,
				BFC868B0218B733900DA1443 /* Assets.xcassets in Resources */,
				BFC868AE218B733200DA1443 /* Main.storyboard in Resources */,
			);
			runOnlyForDeploymentPostprocessing = 0;
		};
/* End PBXResourcesBuildPhase section */

/* Begin PBXSourcesBuildPhase section */
		BFC868A1218B733200DA1443 /* Sources */ = {
			isa = PBXSourcesBuildPhase;
			buildActionMask = 2147483647;
			files = (
				BFC868AB218B733200DA1443 /* ArtProjectViewController.swift in Sources */,
				BFC868BE218B7D1300DA1443 /* ArtView.swift in Sources */,
				BFE05B24219371F500E5C170 /* ArtCollectionViewController.swift in Sources */,
				BFE05B262193819B00E5C170 /* ArtCell.swift in Sources */,
				BFC868A9218B733200DA1443 /* AppDelegate.swift in Sources */,
			);
			runOnlyForDeploymentPostprocessing = 0;
		};
/* End PBXSourcesBuildPhase section */

/* Begin PBXVariantGroup section */
		BFC868AC218B733200DA1443 /* Main.storyboard */ = {
			isa = PBXVariantGroup;
			children = (
				BFC868AD218B733200DA1443 /* Base */,
			);
			name = Main.storyboard;
			sourceTree = "<group>";
		};
		BFC868B1218B733900DA1443 /* LaunchScreen.storyboard */ = {
			isa = PBXVariantGroup;
			children = (
				BFC868B2218B733900DA1443 /* Base */,
			);
			name = LaunchScreen.storyboard;
			sourceTree = "<group>";
		};
/* End PBXVariantGroup section */

/* Begin XCBuildConfiguration section */
		BFC868B5218B733900DA1443 /* Debug */ = {
			isa = XCBuildConfiguration;
			buildSettings = {
				ALWAYS_SEARCH_USER_PATHS = NO;
				CLANG_ANALYZER_NONNULL = YES;
				CLANG_ANALYZER_NUMBER_OBJECT_CONVERSION = YES_AGGRESSIVE;
				CLANG_CXX_LANGUAGE_STANDARD = "gnu++14";
				CLANG_CXX_LIBRARY = "libc++";
				CLANG_ENABLE_MODULES = YES;
				CLANG_ENABLE_OBJC_ARC = YES;
				CLANG_ENABLE_OBJC_WEAK = YES;
				CLANG_WARN_BLOCK_CAPTURE_AUTORELEASING = YES;
				CLANG_WARN_BOOL_CONVERSION = YES;
				CLANG_WARN_COMMA = YES;
				CLANG_WARN_CONSTANT_CONVERSION = YES;
				CLANG_WARN_DEPRECATED_OBJC_IMPLEMENTATIONS = YES;
				CLANG_WARN_DIRECT_OBJC_ISA_USAGE = YES_ERROR;
				CLANG_WARN_DOCUMENTATION_COMMENTS = YES;
				CLANG_WARN_EMPTY_BODY = YES;
				CLANG_WARN_ENUM_CONVERSION = YES;
				CLANG_WARN_INFINITE_RECURSION = YES;
				CLANG_WARN_INT_CONVERSION = YES;
				CLANG_WARN_NON_LITERAL_NULL_CONVERSION = YES;
				CLANG_WARN_OBJC_IMPLICIT_RETAIN_SELF = YES;
				CLANG_WARN_OBJC_LITERAL_CONVERSION = YES;
				CLANG_WARN_OBJC_ROOT_CLASS = YES_ERROR;
				CLANG_WARN_RANGE_LOOP_ANALYSIS = YES;
				CLANG_WARN_STRICT_PROTOTYPES = YES;
				CLANG_WARN_SUSPICIOUS_MOVE = YES;
				CLANG_WARN_UNGUARDED_AVAILABILITY = YES_AGGRESSIVE;
				CLANG_WARN_UNREACHABLE_CODE = YES;
				CLANG_WARN__DUPLICATE_METHOD_MATCH = YES;
				CODE_SIGN_IDENTITY = "iPhone Developer";
				COPY_PHASE_STRIP = NO;
				DEBUG_INFORMATION_FORMAT = dwarf;
				ENABLE_STRICT_OBJC_MSGSEND = YES;
				ENABLE_TESTABILITY = YES;
				GCC_C_LANGUAGE_STANDARD = gnu11;
				GCC_DYNAMIC_NO_PIC = NO;
				GCC_NO_COMMON_BLOCKS = YES;
				GCC_OPTIMIZATION_LEVEL = 0;
				GCC_PREPROCESSOR_DEFINITIONS = (
					"DEBUG=1",
					"$(inherited)",
				);
				GCC_WARN_64_TO_32_BIT_CONVERSION = YES;
				GCC_WARN_ABOUT_RETURN_TYPE = YES_ERROR;
				GCC_WARN_UNDECLARED_SELECTOR = YES;
				GCC_WARN_UNINITIALIZED_AUTOS = YES_AGGRESSIVE;
				GCC_WARN_UNUSED_FUNCTION = YES;
				GCC_WARN_UNUSED_VARIABLE = YES;
				IPHONEOS_DEPLOYMENT_TARGET = 11.4;
				MTL_ENABLE_DEBUG_INFO = YES;
				ONLY_ACTIVE_ARCH = YES;
				SDKROOT = iphoneos;
				SWIFT_ACTIVE_COMPILATION_CONDITIONS = DEBUG;
				SWIFT_OPTIMIZATION_LEVEL = "-Onone";
			};
			name = Debug;
		};
		BFC868B6218B733900DA1443 /* Release */ = {
			isa = XCBuildConfiguration;
			buildSettings = {
				ALWAYS_SEARCH_USER_PATHS = NO;
				CLANG_ANALYZER_NONNULL = YES;
				CLANG_ANALYZER_NUMBER_OBJECT_CONVERSION = YES_AGGRESSIVE;
				CLANG_CXX_LANGUAGE_STANDARD = "gnu++14";
				CLANG_CXX_LIBRARY = "libc++";
				CLANG_ENABLE_MODULES = YES;
				CLANG_ENABLE_OBJC_ARC = YES;
				CLANG_ENABLE_OBJC_WEAK = YES;
				CLANG_WARN_BLOCK_CAPTURE_AUTORELEASING = YES;
				CLANG_WARN_BOOL_CONVERSION = YES;
				CLANG_WARN_COMMA = YES;
				CLANG_WARN_CONSTANT_CONVERSION = YES;
				CLANG_WARN_DEPRECATED_OBJC_IMPLEMENTATIONS = YES;
				CLANG_WARN_DIRECT_OBJC_ISA_USAGE = YES_ERROR;
				CLANG_WARN_DOCUMENTATION_COMMENTS = YES;
				CLANG_WARN_EMPTY_BODY = YES;
				CLANG_WARN_ENUM_CONVERSION = YES;
				CLANG_WARN_INFINITE_RECURSION = YES;
				CLANG_WARN_INT_CONVERSION = YES;
				CLANG_WARN_NON_LITERAL_NULL_CONVERSION = YES;
				CLANG_WARN_OBJC_IMPLICIT_RETAIN_SELF = YES;
				CLANG_WARN_OBJC_LITERAL_CONVERSION = YES;
				CLANG_WARN_OBJC_ROOT_CLASS = YES_ERROR;
				CLANG_WARN_RANGE_LOOP_ANALYSIS = YES;
				CLANG_WARN_STRICT_PROTOTYPES = YES;
				CLANG_WARN_SUSPICIOUS_MOVE = YES;
				CLANG_WARN_UNGUARDED_AVAILABILITY = YES_AGGRESSIVE;
				CLANG_WARN_UNREACHABLE_CODE = YES;
				CLANG_WARN__DUPLICATE_METHOD_MATCH = YES;
				CODE_SIGN_IDENTITY = "iPhone Developer";
				COPY_PHASE_STRIP = NO;
				DEBUG_INFORMATION_FORMAT = "dwarf-with-dsym";
				ENABLE_NS_ASSERTIONS = NO;
				ENABLE_STRICT_OBJC_MSGSEND = YES;
				GCC_C_LANGUAGE_STANDARD = gnu11;
				GCC_NO_COMMON_BLOCKS = YES;
				GCC_WARN_64_TO_32_BIT_CONVERSION = YES;
				GCC_WARN_ABOUT_RETURN_TYPE = YES_ERROR;
				GCC_WARN_UNDECLARED_SELECTOR = YES;
				GCC_WARN_UNINITIALIZED_AUTOS = YES_AGGRESSIVE;
				GCC_WARN_UNUSED_FUNCTION = YES;
				GCC_WARN_UNUSED_VARIABLE = YES;
				IPHONEOS_DEPLOYMENT_TARGET = 11.4;
				MTL_ENABLE_DEBUG_INFO = NO;
				SDKROOT = iphoneos;
				SWIFT_COMPILATION_MODE = wholemodule;
				SWIFT_OPTIMIZATION_LEVEL = "-O";
				VALIDATE_PRODUCT = YES;
			};
			name = Release;
		};
		BFC868B8218B733900DA1443 /* Debug */ = {
			isa = XCBuildConfiguration;
			buildSettings = {
				ASSETCATALOG_COMPILER_APPICON_NAME = AppIcon;
				CODE_SIGN_STYLE = Automatic;
				INFOPLIST_FILE = "$(SRCROOT)/ArtProject/Resources/Info.plist";
				LD_RUNPATH_SEARCH_PATHS = (
					"$(inherited)",
					"@executable_path/Frameworks",
				);
				PRODUCT_BUNDLE_IDENTIFIER = CTEC.ArtProject;
				PRODUCT_NAME = "$(TARGET_NAME)";
				SWIFT_VERSION = 4.0;
				TARGETED_DEVICE_FAMILY = "1,2";
			};
			name = Debug;
		};
		BFC868B9218B733900DA1443 /* Release */ = {
			isa = XCBuildConfiguration;
			buildSettings = {
				ASSETCATALOG_COMPILER_APPICON_NAME = AppIcon;
				CODE_SIGN_STYLE = Automatic;
				INFOPLIST_FILE = "$(SRCROOT)/ArtProject/Resources/Info.plist";
				LD_RUNPATH_SEARCH_PATHS = (
					"$(inherited)",
					"@executable_path/Frameworks",
				);
				PRODUCT_BUNDLE_IDENTIFIER = CTEC.ArtProject;
				PRODUCT_NAME = "$(TARGET_NAME)";
				SWIFT_VERSION = 4.0;
				TARGETED_DEVICE_FAMILY = "1,2";
			};
			name = Release;
		};
/* End XCBuildConfiguration section */

/* Begin XCConfigurationList section */
		BFC868A0218B733200DA1443 /* Build configuration list for PBXProject "ArtProject" */ = {
			isa = XCConfigurationList;
			buildConfigurations = (
				BFC868B5218B733900DA1443 /* Debug */,
				BFC868B6218B733900DA1443 /* Release */,
			);
			defaultConfigurationIsVisible = 0;
			defaultConfigurationName = Release;
		};
		BFC868B7218B733900DA1443 /* Build configuration list for PBXNativeTarget "ArtProject" */ = {
			isa = XCConfigurationList;
			buildConfigurations = (
				BFC868B8218B733900DA1443 /* Debug */,
				BFC868B9218B733900DA1443 /* Release */,
			);
			defaultConfigurationIsVisible = 0;
			defaultConfigurationName = Release;
		};
/* End XCConfigurationList section */
	};
	rootObject = BFC8689D218B733200DA1443 /* Project object */;
}
